
Microsoft Visual Studio Solution File, Format Version 12.00
# Visual Studio Version 16
VisualStudioVersion = 16.0.810.22
MinimumVisualStudioVersion = 10.0.40219.1
Project("{FAE04EC0-301F-11D3-BF4B-00C04F79EFBC}") = "17011492", "17011492\17011492.csproj", "{705D2CA6-F292-48A9-AD29-A47009F5182D}"
EndProject
Global
	GlobalSection(SolutionConfigurationPlatforms) = preSolution
		Debug|Any CPU = Debug|Any CPU
		Release|Any CPU = Release|Any CPU
	EndGlobalSection
	GlobalSection(ProjectConfigurationPlatforms) = postSolution
		{705D2CA6-F292-48A9-AD29-A47009F5182D}.Debug|Any CPU.ActiveCfg = Debug|Any CPU
		{705D2CA6-F292-48A9-AD29-A47009F5182D}.Debug|Any CPU.Build.0 = Debug|Any CPU
		{705D2CA6-F292-48A9-AD29-A47009F5182D}.Release|Any CPU.ActiveCfg = Release|Any CPU
		{705D2CA6-F292-48A9-AD29-A47009F5182D}.Release|Any CPU.Build.0 = Release|Any CPU
	EndGlobalSection
	GlobalSection(SolutionProperties) = preSolution
		HideSolutionNode = FALSE
	EndGlobalSection
	GlobalSection(ExtensibilityGlobals) = postSolution
		SolutionGuid = {C9FD9550-8468-4F90-B56E-261F0D78A677}
	EndGlobalSection
EndGlobal
