
Microsoft Visual Studio Solution File, Format Version 12.00
# Visual Studio Version 16
VisualStudioVersion = 16.0.810.22
MinimumVisualStudioVersion = 10.0.40219.1
Project("{FAE04EC0-301F-11D3-BF4B-00C04F79EFBC}") = "17011492_HW2", "17011492_HW2\17011492_HW2.csproj", "{70ED249B-1104-42EB-8AE8-5D43D0B00341}"
EndProject
Global
	GlobalSection(SolutionConfigurationPlatforms) = preSolution
		Debug|Any CPU = Debug|Any CPU
		Release|Any CPU = Release|Any CPU
	EndGlobalSection
	GlobalSection(ProjectConfigurationPlatforms) = postSolution
		{70ED249B-1104-42EB-8AE8-5D43D0B00341}.Debug|Any CPU.ActiveCfg = Debug|Any CPU
		{70ED249B-1104-42EB-8AE8-5D43D0B00341}.Debug|Any CPU.Build.0 = Debug|Any CPU
		{70ED249B-1104-42EB-8AE8-5D43D0B00341}.Release|Any CPU.ActiveCfg = Release|Any CPU
		{70ED249B-1104-42EB-8AE8-5D43D0B00341}.Release|Any CPU.Build.0 = Release|Any CPU
	EndGlobalSection
	GlobalSection(SolutionProperties) = preSolution
		HideSolutionNode = FALSE
	EndGlobalSection
	GlobalSection(ExtensibilityGlobals) = postSolution
		SolutionGuid = {EFCCF2C8-49E3-451A-A7C4-8249E47E5BB8}
	EndGlobalSection
EndGlobal
